
Microsoft Visual Studio Solution File, Format Version 12.00
# Visual Studio Version 17
VisualStudioVersion = 17.12.35506.116
MinimumVisualStudioVersion = 10.0.40219.1
Project("{FAE04EC0-301F-11D3-BF4B-00C04F79EFBC}") = "NET9.BlazorWebAppServerGlobal", "NET9.BlazorWebAppServerGlobal\NET9.BlazorWebAppServerGlobal.csproj", "{D2E090BA-663A-4A03-AD52-C568F455F0D6}"
EndProject
Project("{FAE04EC0-301F-11D3-BF4B-00C04F79EFBC}") = "BlazorBootstrap", "..\blazorbootstrap\BlazorBootstrap.csproj", "{0F71C4E9-398C-EF90-E993-88981BD73727}"
EndProject
Global
	GlobalSection(SolutionConfigurationPlatforms) = preSolution
		Debug|Any CPU = Debug|Any CPU
		Release|Any CPU = Release|Any CPU
	EndGlobalSection
	GlobalSection(ProjectConfigurationPlatforms) = postSolution
		{D2E090BA-663A-4A03-AD52-C568F455F0D6}.Debug|Any CPU.ActiveCfg = Debug|Any CPU
		{D2E090BA-663A-4A03-AD52-C568F455F0D6}.Debug|Any CPU.Build.0 = Debug|Any CPU
		{D2E090BA-663A-4A03-AD52-C568F455F0D6}.Release|Any CPU.ActiveCfg = Release|Any CPU
		{D2E090BA-663A-4A03-AD52-C568F455F0D6}.Release|Any CPU.Build.0 = Release|Any CPU
		{0F71C4E9-398C-EF90-E993-88981BD73727}.Debug|Any CPU.ActiveCfg = Debug|Any CPU
		{0F71C4E9-398C-EF90-E993-88981BD73727}.Debug|Any CPU.Build.0 = Debug|Any CPU
		{0F71C4E9-398C-EF90-E993-88981BD73727}.Release|Any CPU.ActiveCfg = Release|Any CPU
		{0F71C4E9-398C-EF90-E993-88981BD73727}.Release|Any CPU.Build.0 = Release|Any CPU
	EndGlobalSection
	GlobalSection(SolutionProperties) = preSolution
		HideSolutionNode = FALSE
	EndGlobalSection
	GlobalSection(ExtensibilityGlobals) = postSolution
		SolutionGuid = {C47E2954-C9D1-41A5-BFFE-887127FD4726}
	EndGlobalSection
EndGlobal
